
Microsoft Visual Studio Solution File, Format Version 12.00
# Visual Studio 15
VisualStudioVersion = 15.0.26124.0
MinimumVisualStudioVersion = 15.0.26124.0
Project("{2150E333-8FDC-42A3-9474-1A3956D46DE8}") = "src", "src", "{B622B0E7-89ED-4E1D-9C08-6D728EFADAF6}"
EndProject
Project("{FAE04EC0-301F-11D3-BF4B-00C04F79EFBC}") = "structures.linkedLists", "src\structures.linkedLists\structures.linkedLists.csproj", "{C27105E9-DD67-46E2-BD7A-6D23C634E97A}"
EndProject
Project("{2150E333-8FDC-42A3-9474-1A3956D46DE8}") = "tests", "tests", "{6CD49F29-26B1-402C-9D54-EE0C8072AAC9}"
EndProject
Project("{FAE04EC0-301F-11D3-BF4B-00C04F79EFBC}") = "structures.linkedList.tests", "tests\structures.linkedList.tests\structures.linkedList.tests.csproj", "{04206644-A455-4880-BED1-F04864BC8EA5}"
EndProject
Project("{FAE04EC0-301F-11D3-BF4B-00C04F79EFBC}") = "structures.stack", "src\structures.stack\structures.stack.csproj", "{42C59E83-D72C-4BE2-BD09-F4CA7F349712}"
EndProject
Project("{FAE04EC0-301F-11D3-BF4B-00C04F79EFBC}") = "structures.stack.tests", "tests\structures.stack.tests\structures.stack.tests.csproj", "{02E71557-ED5A-48BA-828E-FCA90915374B}"
EndProject
Global
	GlobalSection(SolutionProperties) = preSolution
		HideSolutionNode = FALSE
	EndGlobalSection
	GlobalSection(SolutionConfigurationPlatforms) = preSolution
		Debug|Any CPU = Debug|Any CPU
		Debug|x64 = Debug|x64
		Debug|x86 = Debug|x86
		Release|Any CPU = Release|Any CPU
		Release|x64 = Release|x64
		Release|x86 = Release|x86
	EndGlobalSection
	GlobalSection(ProjectConfigurationPlatforms) = postSolution
		{C27105E9-DD67-46E2-BD7A-6D23C634E97A}.Debug|Any CPU.ActiveCfg = Debug|Any CPU
		{C27105E9-DD67-46E2-BD7A-6D23C634E97A}.Debug|Any CPU.Build.0 = Debug|Any CPU
		{C27105E9-DD67-46E2-BD7A-6D23C634E97A}.Debug|x64.ActiveCfg = Debug|Any CPU
		{C27105E9-DD67-46E2-BD7A-6D23C634E97A}.Debug|x64.Build.0 = Debug|Any CPU
		{C27105E9-DD67-46E2-BD7A-6D23C634E97A}.Debug|x86.ActiveCfg = Debug|Any CPU
		{C27105E9-DD67-46E2-BD7A-6D23C634E97A}.Debug|x86.Build.0 = Debug|Any CPU
		{C27105E9-DD67-46E2-BD7A-6D23C634E97A}.Release|Any CPU.ActiveCfg = Release|Any CPU
		{C27105E9-DD67-46E2-BD7A-6D23C634E97A}.Release|Any CPU.Build.0 = Release|Any CPU
		{C27105E9-DD67-46E2-BD7A-6D23C634E97A}.Release|x64.ActiveCfg = Release|Any CPU
		{C27105E9-DD67-46E2-BD7A-6D23C634E97A}.Release|x64.Build.0 = Release|Any CPU
		{C27105E9-DD67-46E2-BD7A-6D23C634E97A}.Release|x86.ActiveCfg = Release|Any CPU
		{C27105E9-DD67-46E2-BD7A-6D23C634E97A}.Release|x86.Build.0 = Release|Any CPU
		{04206644-A455-4880-BED1-F04864BC8EA5}.Debug|Any CPU.ActiveCfg = Debug|Any CPU
		{04206644-A455-4880-BED1-F04864BC8EA5}.Debug|Any CPU.Build.0 = Debug|Any CPU
		{04206644-A455-4880-BED1-F04864BC8EA5}.Debug|x64.ActiveCfg = Debug|Any CPU
		{04206644-A455-4880-BED1-F04864BC8EA5}.Debug|x64.Build.0 = Debug|Any CPU
		{04206644-A455-4880-BED1-F04864BC8EA5}.Debug|x86.ActiveCfg = Debug|Any CPU
		{04206644-A455-4880-BED1-F04864BC8EA5}.Debug|x86.Build.0 = Debug|Any CPU
		{04206644-A455-4880-BED1-F04864BC8EA5}.Release|Any CPU.ActiveCfg = Release|Any CPU
		{04206644-A455-4880-BED1-F04864BC8EA5}.Release|Any CPU.Build.0 = Release|Any CPU
		{04206644-A455-4880-BED1-F04864BC8EA5}.Release|x64.ActiveCfg = Release|Any CPU
		{04206644-A455-4880-BED1-F04864BC8EA5}.Release|x64.Build.0 = Release|Any CPU
		{04206644-A455-4880-BED1-F04864BC8EA5}.Release|x86.ActiveCfg = Release|Any CPU
		{04206644-A455-4880-BED1-F04864BC8EA5}.Release|x86.Build.0 = Release|Any CPU
		{42C59E83-D72C-4BE2-BD09-F4CA7F349712}.Debug|Any CPU.ActiveCfg = Debug|Any CPU
		{42C59E83-D72C-4BE2-BD09-F4CA7F349712}.Debug|Any CPU.Build.0 = Debug|Any CPU
		{42C59E83-D72C-4BE2-BD09-F4CA7F349712}.Debug|x64.ActiveCfg = Debug|Any CPU
		{42C59E83-D72C-4BE2-BD09-F4CA7F349712}.Debug|x64.Build.0 = Debug|Any CPU
		{42C59E83-D72C-4BE2-BD09-F4CA7F349712}.Debug|x86.ActiveCfg = Debug|Any CPU
		{42C59E83-D72C-4BE2-BD09-F4CA7F349712}.Debug|x86.Build.0 = Debug|Any CPU
		{42C59E83-D72C-4BE2-BD09-F4CA7F349712}.Release|Any CPU.ActiveCfg = Release|Any CPU
		{42C59E83-D72C-4BE2-BD09-F4CA7F349712}.Release|Any CPU.Build.0 = Release|Any CPU
		{42C59E83-D72C-4BE2-BD09-F4CA7F349712}.Release|x64.ActiveCfg = Release|Any CPU
		{42C59E83-D72C-4BE2-BD09-F4CA7F349712}.Release|x64.Build.0 = Release|Any CPU
		{42C59E83-D72C-4BE2-BD09-F4CA7F349712}.Release|x86.ActiveCfg = Release|Any CPU
		{42C59E83-D72C-4BE2-BD09-F4CA7F349712}.Release|x86.Build.0 = Release|Any CPU
		{02E71557-ED5A-48BA-828E-FCA90915374B}.Debug|Any CPU.ActiveCfg = Debug|Any CPU
		{02E71557-ED5A-48BA-828E-FCA90915374B}.Debug|Any CPU.Build.0 = Debug|Any CPU
		{02E71557-ED5A-48BA-828E-FCA90915374B}.Debug|x64.ActiveCfg = Debug|Any CPU
		{02E71557-ED5A-48BA-828E-FCA90915374B}.Debug|x64.Build.0 = Debug|Any CPU
		{02E71557-ED5A-48BA-828E-FCA90915374B}.Debug|x86.ActiveCfg = Debug|Any CPU
		{02E71557-ED5A-48BA-828E-FCA90915374B}.Debug|x86.Build.0 = Debug|Any CPU
		{02E71557-ED5A-48BA-828E-FCA90915374B}.Release|Any CPU.ActiveCfg = Release|Any CPU
		{02E71557-ED5A-48BA-828E-FCA90915374B}.Release|Any CPU.Build.0 = Release|Any CPU
		{02E71557-ED5A-48BA-828E-FCA90915374B}.Release|x64.ActiveCfg = Release|Any CPU
		{02E71557-ED5A-48BA-828E-FCA90915374B}.Release|x64.Build.0 = Release|Any CPU
		{02E71557-ED5A-48BA-828E-FCA90915374B}.Release|x86.ActiveCfg = Release|Any CPU
		{02E71557-ED5A-48BA-828E-FCA90915374B}.Release|x86.Build.0 = Release|Any CPU
	EndGlobalSection
	GlobalSection(NestedProjects) = preSolution
		{C27105E9-DD67-46E2-BD7A-6D23C634E97A} = {B622B0E7-89ED-4E1D-9C08-6D728EFADAF6}
		{04206644-A455-4880-BED1-F04864BC8EA5} = {6CD49F29-26B1-402C-9D54-EE0C8072AAC9}
		{42C59E83-D72C-4BE2-BD09-F4CA7F349712} = {B622B0E7-89ED-4E1D-9C08-6D728EFADAF6}
		{02E71557-ED5A-48BA-828E-FCA90915374B} = {6CD49F29-26B1-402C-9D54-EE0C8072AAC9}
	EndGlobalSection
EndGlobal
